
Microsoft Visual Studio Solution File, Format Version 12.00
# Visual Studio Version 17
VisualStudioVersion = 17.3.32901.215
MinimumVisualStudioVersion = 10.0.40219.1
Project("{FAE04EC0-301F-11D3-BF4B-00C04F79EFBC}") = "WindowsFormsApp1", "WindowsFormsApp1\WindowsFormsApp1.csproj", "{88636340-5D2F-4092-A34D-E6F395BA9C61}"
EndProject
Global
	GlobalSection(SolutionConfigurationPlatforms) = preSolution
		Debug|Any CPU = Debug|Any CPU
		Release|Any CPU = Release|Any CPU
	EndGlobalSection
	GlobalSection(ProjectConfigurationPlatforms) = postSolution
		{88636340-5D2F-4092-A34D-E6F395BA9C61}.Debug|Any CPU.ActiveCfg = Debug|Any CPU
		{88636340-5D2F-4092-A34D-E6F395BA9C61}.Debug|Any CPU.Build.0 = Debug|Any CPU
		{88636340-5D2F-4092-A34D-E6F395BA9C61}.Release|Any CPU.ActiveCfg = Release|Any CPU
		{88636340-5D2F-4092-A34D-E6F395BA9C61}.Release|Any CPU.Build.0 = Release|Any CPU
	EndGlobalSection
	GlobalSection(SolutionProperties) = preSolution
		HideSolutionNode = FALSE
	EndGlobalSection
	GlobalSection(ExtensibilityGlobals) = postSolution
		SolutionGuid = {B3A38687-4C12-4CE0-ACCD-AFCA20E10D10}
	EndGlobalSection
EndGlobal
