
Microsoft Visual Studio Solution File, Format Version 12.00
# Visual Studio Version 17
VisualStudioVersion = 17.3.32901.215
MinimumVisualStudioVersion = 10.0.40219.1
Project("{FAE04EC0-301F-11D3-BF4B-00C04F79EFBC}") = "WindowsFormsApp2", "WindowsFormsApp2\WindowsFormsApp2.csproj", "{4C5AC1A0-2895-4660-91EA-4CFAE0D3B877}"
EndProject
Global
	GlobalSection(SolutionConfigurationPlatforms) = preSolution
		Debug|Any CPU = Debug|Any CPU
		Release|Any CPU = Release|Any CPU
	EndGlobalSection
	GlobalSection(ProjectConfigurationPlatforms) = postSolution
		{4C5AC1A0-2895-4660-91EA-4CFAE0D3B877}.Debug|Any CPU.ActiveCfg = Debug|Any CPU
		{4C5AC1A0-2895-4660-91EA-4CFAE0D3B877}.Debug|Any CPU.Build.0 = Debug|Any CPU
		{4C5AC1A0-2895-4660-91EA-4CFAE0D3B877}.Release|Any CPU.ActiveCfg = Release|Any CPU
		{4C5AC1A0-2895-4660-91EA-4CFAE0D3B877}.Release|Any CPU.Build.0 = Release|Any CPU
	EndGlobalSection
	GlobalSection(SolutionProperties) = preSolution
		HideSolutionNode = FALSE
	EndGlobalSection
	GlobalSection(ExtensibilityGlobals) = postSolution
		SolutionGuid = {0BEFA1E8-9C86-460D-8EF4-8FBE8DED616F}
	EndGlobalSection
EndGlobal
